{
    "version": 3,
    "terraform_version": "0.11.8",
    "serial": 7,
    "lineage": "2a6d355a-1517-2675-039a-cc54d1393e11",
    "modules": [
        {
            "path": [
                "root"
            ],
            "outputs": {},
            "resources": {
                "heroku_addon.hostedgraphite_ci": {
                    "type": "heroku_addon",
                    "depends_on": [
                        "heroku_app.ci"
                    ],
                    "primary": {
                        "id": "a5a3c1be-7617-41f9-91f3-9e6e7377fdb3",
                        "attributes": {
                            "app": "exam-app-ci",
                            "config_vars.#": "1",
                            "config_vars.0": "HOSTEDGRAPHITE_APIKEY",
                            "id": "a5a3c1be-7617-41f9-91f3-9e6e7377fdb3",
                            "name": "hostedgraphite-pointy-95802",
                            "plan": "hostedgraphite:free",
                            "provider_id": "ead03c7c"
                        },
                        "meta": {
                            "schema_version": "1"
                        },
                        "tainted": false
                    },
                    "deposed": [],
                    "provider": "provider.heroku"
                },
                "heroku_addon.hostedgraphite_prod": {
                    "type": "heroku_addon",
                    "depends_on": [
                        "heroku_app.production"
                    ],
                    "primary": {
                        "id": "14c5e3d2-5a23-43f8-8a8d-880ff5063960",
                        "attributes": {
                            "app": "exam-app-production",
                            "config_vars.#": "1",
                            "config_vars.0": "HOSTEDGRAPHITE_APIKEY",
                            "id": "14c5e3d2-5a23-43f8-8a8d-880ff5063960",
                            "name": "hostedgraphite-shaped-56119",
                            "plan": "hostedgraphite:free",
                            "provider_id": "74b9de03"
                        },
                        "meta": {
                            "schema_version": "1"
                        },
                        "tainted": false
                    },
                    "deposed": [],
                    "provider": "provider.heroku"
                },
                "heroku_addon.hostedgraphite_stage": {
                    "type": "heroku_addon",
                    "depends_on": [
                        "heroku_app.staging"
                    ],
                    "primary": {
                        "id": "14e2fbef-6d22-4101-8593-d23a5bb3c602",
                        "attributes": {
                            "app": "exam-app-staging",
                            "config_vars.#": "1",
                            "config_vars.0": "HOSTEDGRAPHITE_APIKEY",
                            "id": "14e2fbef-6d22-4101-8593-d23a5bb3c602",
                            "name": "hostedgraphite-vertical-19926",
                            "plan": "hostedgraphite:free",
                            "provider_id": "0ab6f071"
                        },
                        "meta": {
                            "schema_version": "1"
                        },
                        "tainted": false
                    },
                    "deposed": [],
                    "provider": "provider.heroku"
                },
                "heroku_app.ci": {
                    "type": "heroku_app",
                    "depends_on": [],
                    "primary": {
                        "id": "exam-app-ci",
                        "attributes": {
                            "acm": "false",
                            "all_config_vars.%": "2",
                            "all_config_vars.GRAPHITE_HOST": "ead03c7c.carbon.hostedgraphite.com",
                            "all_config_vars.HOSTEDGRAPHITE_APIKEY": "0ac28130-d2c5-4228-8d8f-4fb941ef7247",
                            "config_vars.#": "0",
                            "git_url": "https://git.heroku.com/exam-app-ci.git",
                            "heroku_hostname": "exam-app-ci.herokuapp.com",
                            "id": "exam-app-ci",
                            "internal_routing": "false",
                            "name": "exam-app-ci",
                            "region": "eu",
                            "stack": "container",
                            "uuid": "f787c929-698c-450e-8d2a-53d6bb677167",
                            "web_url": "https://exam-app-ci.herokuapp.com/"
                        },
                        "meta": {},
                        "tainted": false
                    },
                    "deposed": [],
                    "provider": "provider.heroku"
                },
                "heroku_app.production": {
                    "type": "heroku_app",
                    "depends_on": [],
                    "primary": {
                        "id": "exam-app-production",
                        "attributes": {
                            "acm": "false",
                            "all_config_vars.%": "2",
                            "all_config_vars.GRAPHITE_HOST": "74b9de03.carbon.hostedgraphite.com",
                            "all_config_vars.HOSTEDGRAPHITE_APIKEY": "78d2c3a3-4a48-4ac0-bf20-4ff7161ef33d",
                            "config_vars.#": "0",
                            "git_url": "https://git.heroku.com/exam-app-production.git",
                            "heroku_hostname": "exam-app-production.herokuapp.com",
                            "id": "exam-app-production",
                            "internal_routing": "false",
                            "name": "exam-app-production",
                            "region": "eu",
                            "stack": "heroku-18",
                            "uuid": "476782f8-bb38-42fa-8029-1abd43a9a097",
                            "web_url": "https://exam-app-production.herokuapp.com/"
                        },
                        "meta": {},
                        "tainted": false
                    },
                    "deposed": [],
                    "provider": "provider.heroku"
                },
                "heroku_app.staging": {
                    "type": "heroku_app",
                    "depends_on": [],
                    "primary": {
                        "id": "exam-app-staging",
                        "attributes": {
                            "acm": "false",
                            "all_config_vars.%": "2",
                            "all_config_vars.GRAPHITE_HOST": "0ab6f071.carbon.hostedgraphite.com",
                            "all_config_vars.HOSTEDGRAPHITE_APIKEY": "2c7cbe63-fa4f-4722-af5e-064e56c4022b",
                            "config_vars.#": "0",
                            "git_url": "https://git.heroku.com/exam-app-staging.git",
                            "heroku_hostname": "exam-app-staging.herokuapp.com",
                            "id": "exam-app-staging",
                            "internal_routing": "false",
                            "name": "exam-app-staging",
                            "region": "eu",
                            "stack": "heroku-18",
                            "uuid": "21b15e78-ecef-4a85-b87f-d5d499eb5474",
                            "web_url": "https://exam-app-staging.herokuapp.com/"
                        },
                        "meta": {},
                        "tainted": false
                    },
                    "deposed": [],
                    "provider": "provider.heroku"
                },
                "heroku_pipeline.test-app": {
                    "type": "heroku_pipeline",
                    "depends_on": [],
                    "primary": {
                        "id": "7901a7d2-44dd-40e4-8285-a5eadc5c6ec8",
                        "attributes": {
                            "id": "7901a7d2-44dd-40e4-8285-a5eadc5c6ec8",
                            "name": "exam-pipeline"
                        },
                        "meta": {},
                        "tainted": false
                    },
                    "deposed": [],
                    "provider": "provider.heroku"
                },
                "heroku_pipeline_coupling.ci": {
                    "type": "heroku_pipeline_coupling",
                    "depends_on": [
                        "heroku_app.ci",
                        "heroku_pipeline.test-app"
                    ],
                    "primary": {
                        "id": "eb2c521c-cac5-4138-b08d-9a8e8d219d7b",
                        "attributes": {
                            "app": "exam-app-ci",
                            "app_id": "f787c929-698c-450e-8d2a-53d6bb677167",
                            "id": "eb2c521c-cac5-4138-b08d-9a8e8d219d7b",
                            "pipeline": "7901a7d2-44dd-40e4-8285-a5eadc5c6ec8",
                            "stage": "development"
                        },
                        "meta": {},
                        "tainted": false
                    },
                    "deposed": [],
                    "provider": "provider.heroku"
                },
                "heroku_pipeline_coupling.production": {
                    "type": "heroku_pipeline_coupling",
                    "depends_on": [
                        "heroku_app.production",
                        "heroku_pipeline.test-app"
                    ],
                    "primary": {
                        "id": "2f523919-1fbe-471e-803c-d2a39d223e78",
                        "attributes": {
                            "app": "exam-app-production",
                            "app_id": "476782f8-bb38-42fa-8029-1abd43a9a097",
                            "id": "2f523919-1fbe-471e-803c-d2a39d223e78",
                            "pipeline": "7901a7d2-44dd-40e4-8285-a5eadc5c6ec8",
                            "stage": "production"
                        },
                        "meta": {},
                        "tainted": false
                    },
                    "deposed": [],
                    "provider": "provider.heroku"
                },
                "heroku_pipeline_coupling.staging": {
                    "type": "heroku_pipeline_coupling",
                    "depends_on": [
                        "heroku_app.staging",
                        "heroku_pipeline.test-app"
                    ],
                    "primary": {
                        "id": "b13b8c06-5260-4d06-8c89-00e53faa30c3",
                        "attributes": {
                            "app": "exam-app-staging",
                            "app_id": "21b15e78-ecef-4a85-b87f-d5d499eb5474",
                            "id": "b13b8c06-5260-4d06-8c89-00e53faa30c3",
                            "pipeline": "7901a7d2-44dd-40e4-8285-a5eadc5c6ec8",
                            "stage": "staging"
                        },
                        "meta": {},
                        "tainted": false
                    },
                    "deposed": [],
                    "provider": "provider.heroku"
                },
                "statuscake_test.ci": {
                    "type": "statuscake_test",
                    "depends_on": [
                        "heroku_app.ci"
                    ],
                    "primary": {
                        "id": "3638032",
                        "attributes": {
                            "check_rate": "300",
                            "confirmations": "0",
                            "contact_id": "0",
                            "custom_header": "",
                            "do_not_find": "false",
                            "final_endpoint": "",
                            "find_string": "",
                            "follow_redirect": "false",
                            "id": "3638032",
                            "logo_image": "",
                            "node_locations.#": "0",
                            "paused": "false",
                            "port": "0",
                            "post_raw": "",
                            "status": "Up",
                            "status_codes": "",
                            "test_id": "3638032",
                            "test_type": "HTTP",
                            "timeout": "40",
                            "trigger_rate": "5",
                            "uptime": "100",
                            "use_jar": "0",
                            "website_name": "exam-app-ci",
                            "website_url": "https://exam-app-ci.herokuapp.com/"
                        },
                        "meta": {},
                        "tainted": false
                    },
                    "deposed": [],
                    "provider": "provider.statuscake"
                },
                "statuscake_test.production": {
                    "type": "statuscake_test",
                    "depends_on": [
                        "heroku_app.production"
                    ],
                    "primary": {
                        "id": "3638033",
                        "attributes": {
                            "check_rate": "300",
                            "confirmations": "0",
                            "contact_id": "0",
                            "custom_header": "",
                            "do_not_find": "false",
                            "final_endpoint": "",
                            "find_string": "",
                            "follow_redirect": "false",
                            "id": "3638033",
                            "logo_image": "",
                            "node_locations.#": "0",
                            "paused": "false",
                            "port": "0",
                            "post_raw": "",
                            "status": "Up",
                            "status_codes": "",
                            "test_id": "3638033",
                            "test_type": "HTTP",
                            "timeout": "40",
                            "trigger_rate": "5",
                            "uptime": "100",
                            "use_jar": "0",
                            "website_name": "exam-app-production",
                            "website_url": "https://exam-app-production.herokuapp.com/"
                        },
                        "meta": {},
                        "tainted": false
                    },
                    "deposed": [],
                    "provider": "provider.statuscake"
                },
                "statuscake_test.stage": {
                    "type": "statuscake_test",
                    "depends_on": [
                        "heroku_app.staging"
                    ],
                    "primary": {
                        "id": "3638031",
                        "attributes": {
                            "check_rate": "300",
                            "confirmations": "0",
                            "contact_id": "0",
                            "custom_header": "",
                            "do_not_find": "false",
                            "final_endpoint": "",
                            "find_string": "",
                            "follow_redirect": "false",
                            "id": "3638031",
                            "logo_image": "",
                            "node_locations.#": "0",
                            "paused": "false",
                            "port": "0",
                            "post_raw": "",
                            "status": "Up",
                            "status_codes": "",
                            "test_id": "3638031",
                            "test_type": "HTTP",
                            "timeout": "40",
                            "trigger_rate": "5",
                            "uptime": "100",
                            "use_jar": "0",
                            "website_name": "exam-app-staging",
                            "website_url": "https://exam-app-staging.herokuapp.com/"
                        },
                        "meta": {},
                        "tainted": false
                    },
                    "deposed": [],
                    "provider": "provider.statuscake"
                }
            },
            "depends_on": []
        }
    ]
}
